
Microsoft Visual Studio Solution File, Format Version 12.00
# Visual Studio Version 16
VisualStudioVersion = 16.0.31729.503
MinimumVisualStudioVersion = 10.0.40219.1
Project("{FAE04EC0-301F-11D3-BF4B-00C04F79EFBC}") = "Zooplanet", "Zooplanet\Zooplanet.csproj", "{92E246DE-CFF7-477B-AD25-2948E4B144C2}"
EndProject
Global
	GlobalSection(SolutionConfigurationPlatforms) = preSolution
		Debug|Any CPU = Debug|Any CPU
		Release|Any CPU = Release|Any CPU
	EndGlobalSection
	GlobalSection(ProjectConfigurationPlatforms) = postSolution
		{92E246DE-CFF7-477B-AD25-2948E4B144C2}.Debug|Any CPU.ActiveCfg = Debug|Any CPU
		{92E246DE-CFF7-477B-AD25-2948E4B144C2}.Debug|Any CPU.Build.0 = Debug|Any CPU
		{92E246DE-CFF7-477B-AD25-2948E4B144C2}.Release|Any CPU.ActiveCfg = Release|Any CPU
		{92E246DE-CFF7-477B-AD25-2948E4B144C2}.Release|Any CPU.Build.0 = Release|Any CPU
	EndGlobalSection
	GlobalSection(SolutionProperties) = preSolution
		HideSolutionNode = FALSE
	EndGlobalSection
	GlobalSection(ExtensibilityGlobals) = postSolution
		SolutionGuid = {E52A9490-DCF4-46C9-9CD0-A3975D4B8866}
	EndGlobalSection
EndGlobal
